
Microsoft Visual Studio Solution File, Format Version 12.00
# Visual Studio Version 17
VisualStudioVersion = 17.10.35027.167
MinimumVisualStudioVersion = 10.0.40219.1
Project("{FAE04EC0-301F-11D3-BF4B-00C04F79EFBC}") = "DistribucionRutas", "DistribucionRutas\DistribucionRutas.csproj", "{97FD186A-B02E-4466-B925-A7043D46970E}"
EndProject
Global
	GlobalSection(SolutionConfigurationPlatforms) = preSolution
		Debug|Any CPU = Debug|Any CPU
		Release|Any CPU = Release|Any CPU
	EndGlobalSection
	GlobalSection(ProjectConfigurationPlatforms) = postSolution
		{97FD186A-B02E-4466-B925-A7043D46970E}.Debug|Any CPU.ActiveCfg = Debug|Any CPU
		{97FD186A-B02E-4466-B925-A7043D46970E}.Debug|Any CPU.Build.0 = Debug|Any CPU
		{97FD186A-B02E-4466-B925-A7043D46970E}.Release|Any CPU.ActiveCfg = Release|Any CPU
		{97FD186A-B02E-4466-B925-A7043D46970E}.Release|Any CPU.Build.0 = Release|Any CPU
	EndGlobalSection
	GlobalSection(SolutionProperties) = preSolution
		HideSolutionNode = FALSE
	EndGlobalSection
	GlobalSection(ExtensibilityGlobals) = postSolution
		SolutionGuid = {930968FB-BC5B-4FDF-A81D-885B007E3C27}
	EndGlobalSection
EndGlobal
